// !$*UTF8*$!
{
	archiveVersion = 1;
	classes = {
	};
	objectVersion = 46;
	objects = {

/* Begin PBXBuildFile section */
		1CFCF5BA1B15BED9003D30D3 /* main.m in Sources */ = {isa = PBXBuildFile; fileRef = 1CFCF5B91B15BED9003D30D3 /* main.m */; };
		1CFCF5BD1B15BED9003D30D3 /* AppDelegate.m in Sources */ = {isa = PBXBuildFile; fileRef = 1CFCF5BC1B15BED9003D30D3 /* AppDelegate.m */; };
		1CFCF5C01B15BED9003D30D3 /* ViewController.m in Sources */ = {isa = PBXBuildFile; fileRef = 1CFCF5BF1B15BED9003D30D3 /* ViewController.m */; };
		1CFCF5C31B15BED9003D30D3 /* Main.storyboard in Resources */ = {isa = PBXBuildFile; fileRef = 1CFCF5C11B15BED9003D30D3 /* Main.storyboard */; };
		1CFCF5C51B15BED9003D30D3 /* Images.xcassets in Resources */ = {isa = PBXBuildFile; fileRef = 1CFCF5C41B15BED9003D30D3 /* Images.xcassets */; };
		1CFCF5C81B15BED9003D30D3 /* LaunchScreen.xib in Resources */ = {isa = PBXBuildFile; fileRef = 1CFCF5C61B15BED9003D30D3 /* LaunchScreen.xib */; };
		1CFCF5D41B15BED9003D30D3 /* CC025_Out_Of_This_WorldTests.m in Sources */ = {isa = PBXBuildFile; fileRef = 1CFCF5D31B15BED9003D30D3 /* CC025_Out_Of_This_WorldTests.m */; };
/* End PBXBuildFile section */

/* Begin PBXContainerItemProxy section */
		1CFCF5CE1B15BED9003D30D3 /* PBXContainerItemProxy */ = {
			isa = PBXContainerItemProxy;
			containerPortal = 1CFCF5AC1B15BED8003D30D3 /* Project object */;
			proxyType = 1;
			remoteGlobalIDString = 1CFCF5B31B15BED8003D30D3;
			remoteInfo = "CC025 Out Of This World";
		};
/* End PBXContainerItemProxy section */

/* Begin PBXFileReference section */
		1CFCF5B41B15BED9003D30D3 /* CC025 Out Of This World.app */ = {isa = PBXFileReference; explicitFileType = wrapper.application; includeInIndex = 0; path = "CC025 Out Of This World.app"; sourceTree = BUILT_PRODUCTS_DIR; };
		1CFCF5B81B15BED9003D30D3 /* Info.plist */ = {isa = PBXFileReference; lastKnownFileType = text.plist.xml; path = Info.plist; sourceTree = "<group>"; };
		1CFCF5B91B15BED9003D30D3 /* main.m */ = {isa = PBXFileReference; lastKnownFileType = sourcecode.c.objc; path = main.m; sourceTree = "<group>"; };
		1CFCF5BB1B15BED9003D30D3 /* AppDelegate.h */ = {isa = PBXFileReference; lastKnownFileType = sourcecode.c.h; path = AppDelegate.h; sourceTree = "<group>"; };
		1CFCF5BC1B15BED9003D30D3 /* AppDelegate.m */ = {isa = PBXFileReference; lastKnownFileType = sourcecode.c.objc; path = AppDelegate.m; sourceTree = "<group>"; };
		1CFCF5BE1B15BED9003D30D3 /* ViewController.h */ = {isa = PBXFileReference; lastKnownFileType = sourcecode.c.h; path = ViewController.h; sourceTree = "<group>"; };
		1CFCF5BF1B15BED9003D30D3 /* ViewController.m */ = {isa = PBXFileReference; lastKnownFileType = sourcecode.c.objc; path = ViewController.m; sourceTree = "<group>"; };
		1CFCF5C21B15BED9003D30D3 /* Base */ = {isa = PBXFileReference; lastKnownFileType = file.storyboard; name = Base; path = Base.lproj/Main.storyboard; sourceTree = "<group>"; };
		1CFCF5C41B15BED9003D30D3 /* Images.xcassets */ = {isa = PBXFileReference; lastKnownFileType = folder.assetcatalog; path = Images.xcassets; sourceTree = "<group>"; };
		1CFCF5C71B15BED9003D30D3 /* Base */ = {isa = PBXFileReference; lastKnownFileType = file.xib; name = Base; path = Base.lproj/LaunchScreen.xib; sourceTree = "<group>"; };
		1CFCF5CD1B15BED9003D30D3 /* CC025 Out Of This WorldTests.xctest */ = {isa = PBXFileReference; explicitFileType = wrapper.cfbundle; includeInIndex = 0; path = "CC025 Out Of This WorldTests.xctest"; sourceTree = BUILT_PRODUCTS_DIR; };
		1CFCF5D21B15BED9003D30D3 /* Info.plist */ = {isa = PBXFileReference; lastKnownFileType = text.plist.xml; path = Info.plist; sourceTree = "<group>"; };
		1CFCF5D31B15BED9003D30D3 /* CC025_Out_Of_This_WorldTests.m */ = {isa = PBXFileReference; lastKnownFileType = sourcecode.c.objc; path = CC025_Out_Of_This_WorldTests.m; sourceTree = "<group>"; };
/* End PBXFileReference section */

/* Begin PBXFrameworksBuildPhase section */
		1CFCF5B11B15BED8003D30D3 /* Frameworks */ = {
			isa = PBXFrameworksBuildPhase;
			buildActionMask = 2147483647;
			files = (
			);
			runOnlyForDeploymentPostprocessing = 0;
		};
		1CFCF5CA1B15BED9003D30D3 /* Frameworks */ = {
			isa = PBXFrameworksBuildPhase;
			buildActionMask = 2147483647;
			files = (
			);
			runOnlyForDeploymentPostprocessing = 0;
		};
/* End PBXFrameworksBuildPhase section */

/* Begin PBXGroup section */
		1CFCF5AB1B15BED8003D30D3 = {
			isa = PBXGroup;
			children = (
				1CFCF5B61B15BED9003D30D3 /* CC025 Out Of This World */,
				1CFCF5D01B15BED9003D30D3 /* CC025 Out Of This WorldTests */,
				1CFCF5B51B15BED9003D30D3 /* Products */,
			);
			sourceTree = "<group>";
		};
		1CFCF5B51B15BED9003D30D3 /* Products */ = {
			isa = PBXGroup;
			children = (
				1CFCF5B41B15BED9003D30D3 /* CC025 Out Of This World.app */,
				1CFCF5CD1B15BED9003D30D3 /* CC025 Out Of This WorldTests.xctest */,
			);
			name = Products;
			sourceTree = "<group>";
		};
		1CFCF5B61B15BED9003D30D3 /* CC025 Out Of This World */ = {
			isa = PBXGroup;
			children = (
				1CFCF5BB1B15BED9003D30D3 /* AppDelegate.h */,
				1CFCF5BC1B15BED9003D30D3 /* AppDelegate.m */,
				1CFCF5BE1B15BED9003D30D3 /* ViewController.h */,
				1CFCF5BF1B15BED9003D30D3 /* ViewController.m */,
				1CFCF5C11B15BED9003D30D3 /* Main.storyboard */,
				1CFCF5C41B15BED9003D30D3 /* Images.xcassets */,
				1CFCF5C61B15BED9003D30D3 /* LaunchScreen.xib */,
				1CFCF5B71B15BED9003D30D3 /* Supporting Files */,
			);
			path = "CC025 Out Of This World";
			sourceTree = "<group>";
		};
		1CFCF5B71B15BED9003D30D3 /* Supporting Files */ = {
			isa = PBXGroup;
			children = (
				1CFCF5B81B15BED9003D30D3 /* Info.plist */,
				1CFCF5B91B15BED9003D30D3 /* main.m */,
			);
			name = "Supporting Files";
			sourceTree = "<group>";
		};
		1CFCF5D01B15BED9003D30D3 /* CC025 Out Of This WorldTests */ = {
			isa = PBXGroup;
			children = (
				1CFCF5D31B15BED9003D30D3 /* CC025_Out_Of_This_WorldTests.m */,
				1CFCF5D11B15BED9003D30D3 /* Supporting Files */,
			);
			path = "CC025 Out Of This WorldTests";
			sourceTree = "<group>";
		};
		1CFCF5D11B15BED9003D30D3 /* Supporting Files */ = {
			isa = PBXGroup;
			children = (
				1CFCF5D21B15BED9003D30D3 /* Info.plist */,
			);
			name = "Supporting Files";
			sourceTree = "<group>";
		};
/* End PBXGroup section */

/* Begin PBXNativeTarget section */
		1CFCF5B31B15BED8003D30D3 /* CC025 Out Of This World */ = {
			isa = PBXNativeTarget;
			buildConfigurationList = 1CFCF5D71B15BED9003D30D3 /* Build configuration list for PBXNativeTarget "CC025 Out Of This World" */;
			buildPhases = (
				1CFCF5B01B15BED8003D30D3 /* Sources */,
				1CFCF5B11B15BED8003D30D3 /* Frameworks */,
				1CFCF5B21B15BED8003D30D3 /* Resources */,
			);
			buildRules = (
			);
			dependencies = (
			);
			name = "CC025 Out Of This World";
			productName = "CC025 Out Of This World";
			productReference = 1CFCF5B41B15BED9003D30D3 /* CC025 Out Of This World.app */;
			productType = "com.apple.product-type.application";
		};
		1CFCF5CC1B15BED9003D30D3 /* CC025 Out Of This WorldTests */ = {
			isa = PBXNativeTarget;
			buildConfigurationList = 1CFCF5DA1B15BED9003D30D3 /* Build configuration list for PBXNativeTarget "CC025 Out Of This WorldTests" */;
			buildPhases = (
				1CFCF5C91B15BED9003D30D3 /* Sources */,
				1CFCF5CA1B15BED9003D30D3 /* Frameworks */,
				1CFCF5CB1B15BED9003D30D3 /* Resources */,
			);
			buildRules = (
			);
			dependencies = (
				1CFCF5CF1B15BED9003D30D3 /* PBXTargetDependency */,
			);
			name = "CC025 Out Of This WorldTests";
			productName = "CC025 Out Of This WorldTests";
			productReference = 1CFCF5CD1B15BED9003D30D3 /* CC025 Out Of This WorldTests.xctest */;
			productType = "com.apple.product-type.bundle.unit-test";
		};
/* End PBXNativeTarget section */

/* Begin PBXProject section */
		1CFCF5AC1B15BED8003D30D3 /* Project object */ = {
			isa = PBXProject;
			attributes = {
				LastUpgradeCheck = 0620;
				ORGANIZATIONNAME = PurpleTalk;
				TargetAttributes = {
					1CFCF5B31B15BED8003D30D3 = {
						CreatedOnToolsVersion = 6.2;
					};
					1CFCF5CC1B15BED9003D30D3 = {
						CreatedOnToolsVersion = 6.2;
						TestTargetID = 1CFCF5B31B15BED8003D30D3;
					};
				};
			};
			buildConfigurationList = 1CFCF5AF1B15BED8003D30D3 /* Build configuration list for PBXProject "CC025 Out Of This World" */;
			compatibilityVersion = "Xcode 3.2";
			developmentRegion = English;
			hasScannedForEncodings = 0;
			knownRegions = (
				en,
				Base,
			);
			mainGroup = 1CFCF5AB1B15BED8003D30D3;
			productRefGroup = 1CFCF5B51B15BED9003D30D3 /* Products */;
			projectDirPath = "";
			projectRoot = "";
			targets = (
				1CFCF5B31B15BED8003D30D3 /* CC025 Out Of This World */,
				1CFCF5CC1B15BED9003D30D3 /* CC025 Out Of This WorldTests */,
			);
		};
/* End PBXProject section */

/* Begin PBXResourcesBuildPhase section */
		1CFCF5B21B15BED8003D30D3 /* Resources */ = {
			isa = PBXResourcesBuildPhase;
			buildActionMask = 2147483647;
			files = (
				1CFCF5C31B15BED9003D30D3 /* Main.storyboard in Resources */,
				1CFCF5C81B15BED9003D30D3 /* LaunchScreen.xib in Resources */,
				1CFCF5C51B15BED9003D30D3 /* Images.xcassets in Resources */,
			);
			runOnlyForDeploymentPostprocessing = 0;
		};
		1CFCF5CB1B15BED9003D30D3 /* Resources */ = {
			isa = PBXResourcesBuildPhase;
			buildActionMask = 2147483647;
			files = (
			);
			runOnlyForDeploymentPostprocessing = 0;
		};
/* End PBXResourcesBuildPhase section */

/* Begin PBXSourcesBuildPhase section */
		1CFCF5B01B15BED8003D30D3 /* Sources */ = {
			isa = PBXSourcesBuildPhase;
			buildActionMask = 2147483647;
			files = (
				1CFCF5C01B15BED9003D30D3 /* ViewController.m in Sources */,
				1CFCF5BD1B15BED9003D30D3 /* AppDelegate.m in Sources */,
				1CFCF5BA1B15BED9003D30D3 /* main.m in Sources */,
			);
			runOnlyForDeploymentPostprocessing = 0;
		};
		1CFCF5C91B15BED9003D30D3 /* Sources */ = {
			isa = PBXSourcesBuildPhase;
			buildActionMask = 2147483647;
			files = (
				1CFCF5D41B15BED9003D30D3 /* CC025_Out_Of_This_WorldTests.m in Sources */,
			);
			runOnlyForDeploymentPostprocessing = 0;
		};
/* End PBXSourcesBuildPhase section */

/* Begin PBXTargetDependency section */
		1CFCF5CF1B15BED9003D30D3 /* PBXTargetDependency */ = {
			isa = PBXTargetDependency;
			target = 1CFCF5B31B15BED8003D30D3 /* CC025 Out Of This World */;
			targetProxy = 1CFCF5CE1B15BED9003D30D3 /* PBXContainerItemProxy */;
		};
/* End PBXTargetDependency section */

/* Begin PBXVariantGroup section */
		1CFCF5C11B15BED9003D30D3 /* Main.storyboard */ = {
			isa = PBXVariantGroup;
			children = (
				1CFCF5C21B15BED9003D30D3 /* Base */,
			);
			name = Main.storyboard;
			sourceTree = "<group>";
		};
		1CFCF5C61B15BED9003D30D3 /* LaunchScreen.xib */ = {
			isa = PBXVariantGroup;
			children = (
				1CFCF5C71B15BED9003D30D3 /* Base */,
			);
			name = LaunchScreen.xib;
			sourceTree = "<group>";
		};
/* End PBXVariantGroup section */

/* Begin XCBuildConfiguration section */
		1CFCF5D51B15BED9003D30D3 /* Debug */ = {
			isa = XCBuildConfiguration;
			buildSettings = {
				ALWAYS_SEARCH_USER_PATHS = NO;
				CLANG_CXX_LANGUAGE_STANDARD = "gnu++0x";
				CLANG_CXX_LIBRARY = "libc++";
				CLANG_ENABLE_MODULES = YES;
				CLANG_ENABLE_OBJC_ARC = YES;
				CLANG_WARN_BOOL_CONVERSION = YES;
				CLANG_WARN_CONSTANT_CONVERSION = YES;
				CLANG_WARN_DIRECT_OBJC_ISA_USAGE = YES_ERROR;
				CLANG_WARN_EMPTY_BODY = YES;
				CLANG_WARN_ENUM_CONVERSION = YES;
				CLANG_WARN_INT_CONVERSION = YES;
				CLANG_WARN_OBJC_ROOT_CLASS = YES_ERROR;
				CLANG_WARN_UNREACHABLE_CODE = YES;
				CLANG_WARN__DUPLICATE_METHOD_MATCH = YES;
				"CODE_SIGN_IDENTITY[sdk=iphoneos*]" = "iPhone Developer";
				COPY_PHASE_STRIP = NO;
				ENABLE_STRICT_OBJC_MSGSEND = YES;
				GCC_C_LANGUAGE_STANDARD = gnu99;
				GCC_DYNAMIC_NO_PIC = NO;
				GCC_OPTIMIZATION_LEVEL = 0;
				GCC_PREPROCESSOR_DEFINITIONS = (
					"DEBUG=1",
					"$(inherited)",
				);
				GCC_SYMBOLS_PRIVATE_EXTERN = NO;
				GCC_WARN_64_TO_32_BIT_CONVERSION = YES;
				GCC_WARN_ABOUT_RETURN_TYPE = YES_ERROR;
				GCC_WARN_UNDECLARED_SELECTOR = YES;
				GCC_WARN_UNINITIALIZED_AUTOS = YES_AGGRESSIVE;
				GCC_WARN_UNUSED_FUNCTION = YES;
				GCC_WARN_UNUSED_VARIABLE = YES;
				IPHONEOS_DEPLOYMENT_TARGET = 8.2;
				MTL_ENABLE_DEBUG_INFO = YES;
				ONLY_ACTIVE_ARCH = YES;
				SDKROOT = iphoneos;
			};
			name = Debug;
		};
		1CFCF5D61B15BED9003D30D3 /* Release */ = {
			isa = XCBuildConfiguration;
			buildSettings = {
				ALWAYS_SEARCH_USER_PATHS = NO;
				CLANG_CXX_LANGUAGE_STANDARD = "gnu++0x";
				CLANG_CXX_LIBRARY = "libc++";
				CLANG_ENABLE_MODULES = YES;
				CLANG_ENABLE_OBJC_ARC = YES;
				CLANG_WARN_BOOL_CONVERSION = YES;
				CLANG_WARN_CONSTANT_CONVERSION = YES;
				CLANG_WARN_DIRECT_OBJC_ISA_USAGE = YES_ERROR;
				CLANG_WARN_EMPTY_BODY = YES;
				CLANG_WARN_ENUM_CONVERSION = YES;
				CLANG_WARN_INT_CONVERSION = YES;
				CLANG_WARN_OBJC_ROOT_CLASS = YES_ERROR;
				CLANG_WARN_UNREACHABLE_CODE = YES;
				CLANG_WARN__DUPLICATE_METHOD_MATCH = YES;
				"CODE_SIGN_IDENTITY[sdk=iphoneos*]" = "iPhone Developer";
				COPY_PHASE_STRIP = NO;
				ENABLE_NS_ASSERTIONS = NO;
				ENABLE_STRICT_OBJC_MSGSEND = YES;
				GCC_C_LANGUAGE_STANDARD = gnu99;
				GCC_WARN_64_TO_32_BIT_CONVERSION = YES;
				GCC_WARN_ABOUT_RETURN_TYPE = YES_ERROR;
				GCC_WARN_UNDECLARED_SELECTOR = YES;
				GCC_WARN_UNINITIALIZED_AUTOS = YES_AGGRESSIVE;
				GCC_WARN_UNUSED_FUNCTION = YES;
				GCC_WARN_UNUSED_VARIABLE = YES;
				IPHONEOS_DEPLOYMENT_TARGET = 8.2;
				MTL_ENABLE_DEBUG_INFO = NO;
				SDKROOT = iphoneos;
				VALIDATE_PRODUCT = YES;
			};
			name = Release;
		};
		1CFCF5D81B15BED9003D30D3 /* Debug */ = {
			isa = XCBuildConfiguration;
			buildSettings = {
				ASSETCATALOG_COMPILER_APPICON_NAME = AppIcon;
				INFOPLIST_FILE = "CC025 Out Of This World/Info.plist";
				LD_RUNPATH_SEARCH_PATHS = "$(inherited) @executable_path/Frameworks";
				PRODUCT_NAME = "$(TARGET_NAME)";
			};
			name = Debug;
		};
		1CFCF5D91B15BED9003D30D3 /* Release */ = {
			isa = XCBuildConfiguration;
			buildSettings = {
				ASSETCATALOG_COMPILER_APPICON_NAME = AppIcon;
				INFOPLIST_FILE = "CC025 Out Of This World/Info.plist";
				LD_RUNPATH_SEARCH_PATHS = "$(inherited) @executable_path/Frameworks";
				PRODUCT_NAME = "$(TARGET_NAME)";
			};
			name = Release;
		};
		1CFCF5DB1B15BED9003D30D3 /* Debug */ = {
			isa = XCBuildConfiguration;
			buildSettings = {
				BUNDLE_LOADER = "$(TEST_HOST)";
				FRAMEWORK_SEARCH_PATHS = (
					"$(SDKROOT)/Developer/Library/Frameworks",
					"$(inherited)",
				);
				GCC_PREPROCESSOR_DEFINITIONS = (
					"DEBUG=1",
					"$(inherited)",
				);
				INFOPLIST_FILE = "CC025 Out Of This WorldTests/Info.plist";
				LD_RUNPATH_SEARCH_PATHS = "$(inherited) @executable_path/Frameworks @loader_path/Frameworks";
				PRODUCT_NAME = "$(TARGET_NAME)";
				TEST_HOST = "$(BUILT_PRODUCTS_DIR)/CC025 Out Of This World.app/CC025 Out Of This World";
			};
			name = Debug;
		};
		1CFCF5DC1B15BED9003D30D3 /* Release */ = {
			isa = XCBuildConfiguration;
			buildSettings = {
				BUNDLE_LOADER = "$(TEST_HOST)";
				FRAMEWORK_SEARCH_PATHS = (
					"$(SDKROOT)/Developer/Library/Frameworks",
					"$(inherited)",
				);
				INFOPLIST_FILE = "CC025 Out Of This WorldTests/Info.plist";
				LD_RUNPATH_SEARCH_PATHS = "$(inherited) @executable_path/Frameworks @loader_path/Frameworks";
				PRODUCT_NAME = "$(TARGET_NAME)";
				TEST_HOST = "$(BUILT_PRODUCTS_DIR)/CC025 Out Of This World.app/CC025 Out Of This World";
			};
			name = Release;
		};
/* End XCBuildConfiguration section */

/* Begin XCConfigurationList section */
		1CFCF5AF1B15BED8003D30D3 /* Build configuration list for PBXProject "CC025 Out Of This World" */ = {
			isa = XCConfigurationList;
			buildConfigurations = (
				1CFCF5D51B15BED9003D30D3 /* Debug */,
				1CFCF5D61B15BED9003D30D3 /* Release */,
			);
			defaultConfigurationIsVisible = 0;
			defaultConfigurationName = Release;
		};
		1CFCF5D71B15BED9003D30D3 /* Build configuration list for PBXNativeTarget "CC025 Out Of This World" */ = {
			isa = XCConfigurationList;
			buildConfigurations = (
				1CFCF5D81B15BED9003D30D3 /* Debug */,
				1CFCF5D91B15BED9003D30D3 /* Release */,
			);
			defaultConfigurationIsVisible = 0;
		};
		1CFCF5DA1B15BED9003D30D3 /* Build configuration list for PBXNativeTarget "CC025 Out Of This WorldTests" */ = {
			isa = XCConfigurationList;
			buildConfigurations = (
				1CFCF5DB1B15BED9003D30D3 /* Debug */,
				1CFCF5DC1B15BED9003D30D3 /* Release */,
			);
			defaultConfigurationIsVisible = 0;
		};
/* End XCConfigurationList section */
	};
	rootObject = 1CFCF5AC1B15BED8003D30D3 /* Project object */;
}
